<?xml version="1.0" encoding="utf-8"?>
<Project ToolsVersion="4.0" xmlns="http://schemas.microsoft.com/developer/msbuild/2003">
  <ItemGroup>
    <Filter Include="Source Files">
      <UniqueIdentifier>{4FC737F1-C7A5-4376-A066-2A32D752A2FF}</UniqueIdentifier>
      <Extensions>cpp;c;cc;cxx;def;odl;idl;hpj;bat;asm;asmx</Extensions>
    </Filter>
    <Filter Include="Header Files">
      <UniqueIdentifier>{93995380-89BD-4b04-88EB-625FBE52EBFB}</UniqueIdentifier>
      <Extensions>h;hh;hpp;hxx;hm;inl;inc;xsd</Extensions>
    </Filter>
    <Filter Include="Resource Files">
      <UniqueIdentifier>{67DA6AB6-F800-4c08-8B7A-83BB121AAD01}</UniqueIdentifier>
      <Extensions>rc;ico;cur;bmp;dlg;rc2;rct;bin;rgs;gif;jpg;jpeg;jpe;resx;tiff;tif;png;wav;mfcribbon-ms</Extensions>
    </Filter>
  </ItemGroup>
  <ItemGroup>
    <ClCompile Include="..\..\src\data\DataSets.cxx">
      <Filter>Source Files</Filter>
    </ClCompile>
    <ClCompile Include="..\..\src\neuralnets\Network.cxx">
      <Filter>Source Files</Filter>
    </ClCompile>
    <ClCompile Include="..\..\src\neuralnets\NeuralNet_Main.cxx">
      <Filter>Source Files</Filter>
    </ClCompile>
    <ClCompile Include="..\..\src\utils\PPMIO.cxx">
      <Filter>Source Files</Filter>
    </ClCompile>
    <ClCompile Include="..\..\src\data\MNIST-ImageReader.cxx">
      <Filter>Source Files</Filter>
    </ClCompile>
  </ItemGroup>
  <ItemGroup>
    <ClInclude Include="..\..\src\neuralnets\ConvolutionLayer.hxx">
      <Filter>Header Files</Filter>
    </ClInclude>
    <ClInclude Include="..\..\src\neuralnets\FullyConnectedLayer.hxx">
      <Filter>Header Files</Filter>
    </ClInclude>
    <ClInclude Include="..\..\src\neuralnets\Layer.hxx">
      <Filter>Header Files</Filter>
    </ClInclude>
    <ClInclude Include="..\..\src\neuralnets\Network.hxx">
      <Filter>Header Files</Filter>
    </ClInclude>
    <ClInclude Include="..\..\src\neuralnets\Activation.hxx">
      <Filter>Header Files</Filter>
    </ClInclude>
    <ClInclude Include="..\..\src\neuralnets\AveragePoolingLayer.hxx">
      <Filter>Header Files</Filter>
    </ClInclude>
    <ClInclude Include="..\..\src\neuralnets\ErrorFunctions.hxx">
      <Filter>Header Files</Filter>
    </ClInclude>
    <ClInclude Include="..\..\src\data\CIFAR-ImageReader.hxx">
      <Filter>Header Files</Filter>
    </ClInclude>
    <ClInclude Include="..\..\src\neuralnets\MaxPoolingLayer.hxx">
      <Filter>Header Files</Filter>
    </ClInclude>
    <ClInclude Include="..\..\src\neuralnets\DropConnectLayer.hxx">
      <Filter>Header Files</Filter>
    </ClInclude>
  </ItemGroup>
  <ItemGroup>
    <None Include="..\..\data\MNIST_LeNet-5.config">
      <Filter>Resource Files</Filter>
    </None>
    <None Include="..\..\data\test1.config">
      <Filter>Resource Files</Filter>
    </None>
  </ItemGroup>
</Project>